
Microsoft Visual Studio Solution File, Format Version 12.00
# Visual Studio 15
VisualStudioVersion = 15.0.28307.438
MinimumVisualStudioVersion = 10.0.40219.1
Project("{FAE04EC0-301F-11D3-BF4B-00C04F79EFBC}") = "SafeStreets.Android", "SafeStreets\SafeStreets.Android\SafeStreets.Android.csproj", "{24CE3C36-16B9-426D-AA0C-5961ECF8D88C}"
EndProject
Project("{FAE04EC0-301F-11D3-BF4B-00C04F79EFBC}") = "SafeStreets.iOS", "SafeStreets\SafeStreets.iOS\SafeStreets.iOS.csproj", "{2F1A42D2-2C17-48BE-8B93-545E27C33185}"
EndProject
Project("{FAE04EC0-301F-11D3-BF4B-00C04F79EFBC}") = "SafeStreets", "SafeStreets\SafeStreets\SafeStreets.csproj", "{BEBB6074-79C4-4EC2-9F21-AAA0EA4FDA0B}"
EndProject
Global
	GlobalSection(SolutionConfigurationPlatforms) = preSolution
		Debug|Any CPU = Debug|Any CPU
		Debug|iPhone = Debug|iPhone
		Debug|iPhoneSimulator = Debug|iPhoneSimulator
		Release|Any CPU = Release|Any CPU
		Release|iPhone = Release|iPhone
		Release|iPhoneSimulator = Release|iPhoneSimulator
	EndGlobalSection
	GlobalSection(ProjectConfigurationPlatforms) = postSolution
		{24CE3C36-16B9-426D-AA0C-5961ECF8D88C}.Debug|Any CPU.ActiveCfg = Debug|Any CPU
		{24CE3C36-16B9-426D-AA0C-5961ECF8D88C}.Debug|Any CPU.Build.0 = Debug|Any CPU
		{24CE3C36-16B9-426D-AA0C-5961ECF8D88C}.Debug|Any CPU.Deploy.0 = Debug|Any CPU
		{24CE3C36-16B9-426D-AA0C-5961ECF8D88C}.Debug|iPhone.ActiveCfg = Debug|Any CPU
		{24CE3C36-16B9-426D-AA0C-5961ECF8D88C}.Debug|iPhone.Build.0 = Debug|Any CPU
		{24CE3C36-16B9-426D-AA0C-5961ECF8D88C}.Debug|iPhone.Deploy.0 = Debug|Any CPU
		{24CE3C36-16B9-426D-AA0C-5961ECF8D88C}.Debug|iPhoneSimulator.ActiveCfg = Debug|Any CPU
		{24CE3C36-16B9-426D-AA0C-5961ECF8D88C}.Debug|iPhoneSimulator.Build.0 = Debug|Any CPU
		{24CE3C36-16B9-426D-AA0C-5961ECF8D88C}.Debug|iPhoneSimulator.Deploy.0 = Debug|Any CPU
		{24CE3C36-16B9-426D-AA0C-5961ECF8D88C}.Release|Any CPU.ActiveCfg = Release|Any CPU
		{24CE3C36-16B9-426D-AA0C-5961ECF8D88C}.Release|Any CPU.Build.0 = Release|Any CPU
		{24CE3C36-16B9-426D-AA0C-5961ECF8D88C}.Release|Any CPU.Deploy.0 = Release|Any CPU
		{24CE3C36-16B9-426D-AA0C-5961ECF8D88C}.Release|iPhone.ActiveCfg = Release|Any CPU
		{24CE3C36-16B9-426D-AA0C-5961ECF8D88C}.Release|iPhone.Build.0 = Release|Any CPU
		{24CE3C36-16B9-426D-AA0C-5961ECF8D88C}.Release|iPhone.Deploy.0 = Release|Any CPU
		{24CE3C36-16B9-426D-AA0C-5961ECF8D88C}.Release|iPhoneSimulator.ActiveCfg = Release|Any CPU
		{24CE3C36-16B9-426D-AA0C-5961ECF8D88C}.Release|iPhoneSimulator.Build.0 = Release|Any CPU
		{24CE3C36-16B9-426D-AA0C-5961ECF8D88C}.Release|iPhoneSimulator.Deploy.0 = Release|Any CPU
		{2F1A42D2-2C17-48BE-8B93-545E27C33185}.Debug|Any CPU.ActiveCfg = Debug|iPhoneSimulator
		{2F1A42D2-2C17-48BE-8B93-545E27C33185}.Debug|Any CPU.Build.0 = Debug|iPhoneSimulator
		{2F1A42D2-2C17-48BE-8B93-545E27C33185}.Debug|Any CPU.Deploy.0 = Debug|iPhoneSimulator
		{2F1A42D2-2C17-48BE-8B93-545E27C33185}.Debug|iPhone.ActiveCfg = Debug|iPhone
		{2F1A42D2-2C17-48BE-8B93-545E27C33185}.Debug|iPhone.Build.0 = Debug|iPhone
		{2F1A42D2-2C17-48BE-8B93-545E27C33185}.Debug|iPhone.Deploy.0 = Debug|iPhone
		{2F1A42D2-2C17-48BE-8B93-545E27C33185}.Debug|iPhoneSimulator.ActiveCfg = Debug|iPhoneSimulator
		{2F1A42D2-2C17-48BE-8B93-545E27C33185}.Debug|iPhoneSimulator.Build.0 = Debug|iPhoneSimulator
		{2F1A42D2-2C17-48BE-8B93-545E27C33185}.Debug|iPhoneSimulator.Deploy.0 = Debug|iPhoneSimulator
		{2F1A42D2-2C17-48BE-8B93-545E27C33185}.Release|Any CPU.ActiveCfg = Release|iPhone
		{2F1A42D2-2C17-48BE-8B93-545E27C33185}.Release|Any CPU.Build.0 = Release|iPhone
		{2F1A42D2-2C17-48BE-8B93-545E27C33185}.Release|Any CPU.Deploy.0 = Release|iPhone
		{2F1A42D2-2C17-48BE-8B93-545E27C33185}.Release|iPhone.ActiveCfg = Release|iPhone
		{2F1A42D2-2C17-48BE-8B93-545E27C33185}.Release|iPhone.Build.0 = Release|iPhone
		{2F1A42D2-2C17-48BE-8B93-545E27C33185}.Release|iPhone.Deploy.0 = Release|iPhone
		{2F1A42D2-2C17-48BE-8B93-545E27C33185}.Release|iPhoneSimulator.ActiveCfg = Release|iPhoneSimulator
		{2F1A42D2-2C17-48BE-8B93-545E27C33185}.Release|iPhoneSimulator.Build.0 = Release|iPhoneSimulator
		{2F1A42D2-2C17-48BE-8B93-545E27C33185}.Release|iPhoneSimulator.Deploy.0 = Release|iPhoneSimulator
		{BEBB6074-79C4-4EC2-9F21-AAA0EA4FDA0B}.Debug|Any CPU.ActiveCfg = Debug|Any CPU
		{BEBB6074-79C4-4EC2-9F21-AAA0EA4FDA0B}.Debug|Any CPU.Build.0 = Debug|Any CPU
		{BEBB6074-79C4-4EC2-9F21-AAA0EA4FDA0B}.Debug|Any CPU.Deploy.0 = Debug|Any CPU
		{BEBB6074-79C4-4EC2-9F21-AAA0EA4FDA0B}.Debug|iPhone.ActiveCfg = Debug|Any CPU
		{BEBB6074-79C4-4EC2-9F21-AAA0EA4FDA0B}.Debug|iPhone.Build.0 = Debug|Any CPU
		{BEBB6074-79C4-4EC2-9F21-AAA0EA4FDA0B}.Debug|iPhone.Deploy.0 = Debug|Any CPU
		{BEBB6074-79C4-4EC2-9F21-AAA0EA4FDA0B}.Debug|iPhoneSimulator.ActiveCfg = Debug|Any CPU
		{BEBB6074-79C4-4EC2-9F21-AAA0EA4FDA0B}.Debug|iPhoneSimulator.Build.0 = Debug|Any CPU
		{BEBB6074-79C4-4EC2-9F21-AAA0EA4FDA0B}.Debug|iPhoneSimulator.Deploy.0 = Debug|Any CPU
		{BEBB6074-79C4-4EC2-9F21-AAA0EA4FDA0B}.Release|Any CPU.ActiveCfg = Release|Any CPU
		{BEBB6074-79C4-4EC2-9F21-AAA0EA4FDA0B}.Release|Any CPU.Build.0 = Release|Any CPU
		{BEBB6074-79C4-4EC2-9F21-AAA0EA4FDA0B}.Release|Any CPU.Deploy.0 = Release|Any CPU
		{BEBB6074-79C4-4EC2-9F21-AAA0EA4FDA0B}.Release|iPhone.ActiveCfg = Release|Any CPU
		{BEBB6074-79C4-4EC2-9F21-AAA0EA4FDA0B}.Release|iPhone.Build.0 = Release|Any CPU
		{BEBB6074-79C4-4EC2-9F21-AAA0EA4FDA0B}.Release|iPhone.Deploy.0 = Release|Any CPU
		{BEBB6074-79C4-4EC2-9F21-AAA0EA4FDA0B}.Release|iPhoneSimulator.ActiveCfg = Release|Any CPU
		{BEBB6074-79C4-4EC2-9F21-AAA0EA4FDA0B}.Release|iPhoneSimulator.Build.0 = Release|Any CPU
		{BEBB6074-79C4-4EC2-9F21-AAA0EA4FDA0B}.Release|iPhoneSimulator.Deploy.0 = Release|Any CPU
	EndGlobalSection
	GlobalSection(SolutionProperties) = preSolution
		HideSolutionNode = FALSE
	EndGlobalSection
	GlobalSection(ExtensibilityGlobals) = postSolution
		SolutionGuid = {9ADB5AF1-E736-4EA9-8754-A4F14DF9E7A5}
	EndGlobalSection
EndGlobal
